
Microsoft Visual Studio Solution File, Format Version 12.00
# Visual Studio Version 17
VisualStudioVersion = 17.3.32929.385
MinimumVisualStudioVersion = 10.0.40219.1
Project("{9A19103F-16F7-4668-BE54-9A1E7A4F7556}") = "LoginRegForm", "LoginForm\LoginRegForm.csproj", "{FED7E4A4-7909-4008-A3AC-2AB0260347B8}"
EndProject
Global
	GlobalSection(SolutionConfigurationPlatforms) = preSolution
		Debug|Any CPU = Debug|Any CPU
		Release|Any CPU = Release|Any CPU
	EndGlobalSection
	GlobalSection(ProjectConfigurationPlatforms) = postSolution
		{FED7E4A4-7909-4008-A3AC-2AB0260347B8}.Debug|Any CPU.ActiveCfg = Debug|Any CPU
		{FED7E4A4-7909-4008-A3AC-2AB0260347B8}.Debug|Any CPU.Build.0 = Debug|Any CPU
		{FED7E4A4-7909-4008-A3AC-2AB0260347B8}.Release|Any CPU.ActiveCfg = Release|Any CPU
		{FED7E4A4-7909-4008-A3AC-2AB0260347B8}.Release|Any CPU.Build.0 = Release|Any CPU
	EndGlobalSection
	GlobalSection(SolutionProperties) = preSolution
		HideSolutionNode = FALSE
	EndGlobalSection
	GlobalSection(ExtensibilityGlobals) = postSolution
		SolutionGuid = {B0956D67-47B7-4DCA-A63E-3C095BE7DF05}
	EndGlobalSection
EndGlobal
